// !$*UTF8*$!
{
	archiveVersion = 1;
	classes = {
	};
	objectVersion = 46;
	objects = {

/* Begin PBXBuildFile section */
		F2031A351C8808E700B82718 /* AppDelegate.swift in Sources */ = {isa = PBXBuildFile; fileRef = F2031A341C8808E700B82718 /* AppDelegate.swift */; };
		F2031A371C8808E700B82718 /* ViewController.swift in Sources */ = {isa = PBXBuildFile; fileRef = F2031A361C8808E700B82718 /* ViewController.swift */; };
		F2031A3A1C8808E700B82718 /* Main.storyboard in Resources */ = {isa = PBXBuildFile; fileRef = F2031A381C8808E700B82718 /* Main.storyboard */; };
		F2031A3C1C8808E700B82718 /* Assets.xcassets in Resources */ = {isa = PBXBuildFile; fileRef = F2031A3B1C8808E700B82718 /* Assets.xcassets */; };
		F2031A3F1C8808E700B82718 /* LaunchScreen.storyboard in Resources */ = {isa = PBXBuildFile; fileRef = F2031A3D1C8808E700B82718 /* LaunchScreen.storyboard */; };
		F246B6E81CFC2B1900843F56 /* CalculatorBrain .swift in Sources */ = {isa = PBXBuildFile; fileRef = F246B6E71CFC2B1900843F56 /* CalculatorBrain .swift */; };
/* End PBXBuildFile section */

/* Begin PBXFileReference section */
		F2031A311C8808E700B82718 /* Calculater.app */ = {isa = PBXFileReference; explicitFileType = wrapper.application; includeInIndex = 0; path = Calculater.app; sourceTree = BUILT_PRODUCTS_DIR; };
		F2031A341C8808E700B82718 /* AppDelegate.swift */ = {isa = PBXFileReference; lastKnownFileType = sourcecode.swift; path = AppDelegate.swift; sourceTree = "<group>"; };
		F2031A361C8808E700B82718 /* ViewController.swift */ = {isa = PBXFileReference; lastKnownFileType = sourcecode.swift; path = ViewController.swift; sourceTree = "<group>"; };
		F2031A391C8808E700B82718 /* Base */ = {isa = PBXFileReference; lastKnownFileType = file.storyboard; name = Base; path = Base.lproj/Main.storyboard; sourceTree = "<group>"; };
		F2031A3B1C8808E700B82718 /* Assets.xcassets */ = {isa = PBXFileReference; lastKnownFileType = folder.assetcatalog; path = Assets.xcassets; sourceTree = "<group>"; };
		F2031A3E1C8808E700B82718 /* Base */ = {isa = PBXFileReference; lastKnownFileType = file.storyboard; name = Base; path = Base.lproj/LaunchScreen.storyboard; sourceTree = "<group>"; };
		F2031A401C8808E700B82718 /* Info.plist */ = {isa = PBXFileReference; lastKnownFileType = text.plist.xml; path = Info.plist; sourceTree = "<group>"; };
		F246B6E71CFC2B1900843F56 /* CalculatorBrain .swift */ = {isa = PBXFileReference; fileEncoding = 4; lastKnownFileType = sourcecode.swift; path = "CalculatorBrain .swift"; sourceTree = "<group>"; };
/* End PBXFileReference section */

/* Begin PBXFrameworksBuildPhase section */
		F2031A2E1C8808E700B82718 /* Frameworks */ = {
			isa = PBXFrameworksBuildPhase;
			buildActionMask = 2147483647;
			files = (
			);
			runOnlyForDeploymentPostprocessing = 0;
		};
/* End PBXFrameworksBuildPhase section */

/* Begin PBXGroup section */
		F2031A281C8808E700B82718 = {
			isa = PBXGroup;
			children = (
				F2031A331C8808E700B82718 /* Calculater */,
				F2031A321C8808E700B82718 /* Products */,
			);
			sourceTree = "<group>";
		};
		F2031A321C8808E700B82718 /* Products */ = {
			isa = PBXGroup;
			children = (
				F2031A311C8808E700B82718 /* Calculater.app */,
			);
			name = Products;
			sourceTree = "<group>";
		};
		F2031A331C8808E700B82718 /* Calculater */ = {
			isa = PBXGroup;
			children = (
				F2031A341C8808E700B82718 /* AppDelegate.swift */,
				F2031A361C8808E700B82718 /* ViewController.swift */,
				F246B6E71CFC2B1900843F56 /* CalculatorBrain .swift */,
				F2031A381C8808E700B82718 /* Main.storyboard */,
				F2031A3B1C8808E700B82718 /* Assets.xcassets */,
				F2031A3D1C8808E700B82718 /* LaunchScreen.storyboard */,
				F2031A401C8808E700B82718 /* Info.plist */,
			);
			path = Calculater;
			sourceTree = "<group>";
		};
/* End PBXGroup section */

/* Begin PBXNativeTarget section */
		F2031A301C8808E700B82718 /* Calculater */ = {
			isa = PBXNativeTarget;
			buildConfigurationList = F2031A431C8808E700B82718 /* Build configuration list for PBXNativeTarget "Calculater" */;
			buildPhases = (
				F2031A2D1C8808E700B82718 /* Sources */,
				F2031A2E1C8808E700B82718 /* Frameworks */,
				F2031A2F1C8808E700B82718 /* Resources */,
			);
			buildRules = (
			);
			dependencies = (
			);
			name = Calculater;
			productName = Calculater;
			productReference = F2031A311C8808E700B82718 /* Calculater.app */;
			productType = "com.apple.product-type.application";
		};
/* End PBXNativeTarget section */

/* Begin PBXProject section */
		F2031A291C8808E700B82718 /* Project object */ = {
			isa = PBXProject;
			attributes = {
				LastSwiftUpdateCheck = 0720;
				LastUpgradeCheck = 0720;
				ORGANIZATIONNAME = wangkang;
				TargetAttributes = {
					F2031A301C8808E700B82718 = {
						CreatedOnToolsVersion = 7.2;
					};
				};
			};
			buildConfigurationList = F2031A2C1C8808E700B82718 /* Build configuration list for PBXProject "Calculater" */;
			compatibilityVersion = "Xcode 3.2";
			developmentRegion = English;
			hasScannedForEncodings = 0;
			knownRegions = (
				en,
				Base,
			);
			mainGroup = F2031A281C8808E700B82718;
			productRefGroup = F2031A321C8808E700B82718 /* Products */;
			projectDirPath = "";
			projectRoot = "";
			targets = (
				F2031A301C8808E700B82718 /* Calculater */,
			);
		};
/* End PBXProject section */

/* Begin PBXResourcesBuildPhase section */
		F2031A2F1C8808E700B82718 /* Resources */ = {
			isa = PBXResourcesBuildPhase;
			buildActionMask = 2147483647;
			files = (
				F2031A3F1C8808E700B82718 /* LaunchScreen.storyboard in Resources */,
				F2031A3C1C8808E700B82718 /* Assets.xcassets in Resources */,
				F2031A3A1C8808E700B82718 /* Main.storyboard in Resources */,
			);
			runOnlyForDeploymentPostprocessing = 0;
		};
/* End PBXResourcesBuildPhase section */

/* Begin PBXSourcesBuildPhase section */
		F2031A2D1C8808E700B82718 /* Sources */ = {
			isa = PBXSourcesBuildPhase;
			buildActionMask = 2147483647;
			files = (
				F2031A371C8808E700B82718 /* ViewController.swift in Sources */,
				F246B6E81CFC2B1900843F56 /* CalculatorBrain .swift in Sources */,
				F2031A351C8808E700B82718 /* AppDelegate.swift in Sources */,
			);
			runOnlyForDeploymentPostprocessing = 0;
		};
/* End PBXSourcesBuildPhase section */

/* Begin PBXVariantGroup section */
		F2031A381C8808E700B82718 /* Main.storyboard */ = {
			isa = PBXVariantGroup;
			children = (
				F2031A391C8808E700B82718 /* Base */,
			);
			name = Main.storyboard;
			sourceTree = "<group>";
		};
		F2031A3D1C8808E700B82718 /* LaunchScreen.storyboard */ = {
			isa = PBXVariantGroup;
			children = (
				F2031A3E1C8808E700B82718 /* Base */,
			);
			name = LaunchScreen.storyboard;
			sourceTree = "<group>";
		};
/* End PBXVariantGroup section */

/* Begin XCBuildConfiguration section */
		F2031A411C8808E700B82718 /* Debug */ = {
			isa = XCBuildConfiguration;
			buildSettings = {
				ALWAYS_SEARCH_USER_PATHS = NO;
				CLANG_CXX_LANGUAGE_STANDARD = "gnu++0x";
				CLANG_CXX_LIBRARY = "libc++";
				CLANG_ENABLE_MODULES = YES;
				CLANG_ENABLE_OBJC_ARC = YES;
				CLANG_WARN_BOOL_CONVERSION = YES;
				CLANG_WARN_CONSTANT_CONVERSION = YES;
				CLANG_WARN_DIRECT_OBJC_ISA_USAGE = YES_ERROR;
				CLANG_WARN_EMPTY_BODY = YES;
				CLANG_WARN_ENUM_CONVERSION = YES;
				CLANG_WARN_INT_CONVERSION = YES;
				CLANG_WARN_OBJC_ROOT_CLASS = YES_ERROR;
				CLANG_WARN_UNREACHABLE_CODE = YES;
				CLANG_WARN__DUPLICATE_METHOD_MATCH = YES;
				"CODE_SIGN_IDENTITY[sdk=iphoneos*]" = "iPhone Developer";
				COPY_PHASE_STRIP = NO;
				DEBUG_INFORMATION_FORMAT = dwarf;
				ENABLE_STRICT_OBJC_MSGSEND = YES;
				ENABLE_TESTABILITY = YES;
				GCC_C_LANGUAGE_STANDARD = gnu99;
				GCC_DYNAMIC_NO_PIC = NO;
				GCC_NO_COMMON_BLOCKS = YES;
				GCC_OPTIMIZATION_LEVEL = 0;
				GCC_PREPROCESSOR_DEFINITIONS = (
					"DEBUG=1",
					"$(inherited)",
				);
				GCC_WARN_64_TO_32_BIT_CONVERSION = YES;
				GCC_WARN_ABOUT_RETURN_TYPE = YES_ERROR;
				GCC_WARN_UNDECLARED_SELECTOR = YES;
				GCC_WARN_UNINITIALIZED_AUTOS = YES_AGGRESSIVE;
				GCC_WARN_UNUSED_FUNCTION = YES;
				GCC_WARN_UNUSED_VARIABLE = YES;
				IPHONEOS_DEPLOYMENT_TARGET = 9.2;
				MTL_ENABLE_DEBUG_INFO = YES;
				ONLY_ACTIVE_ARCH = YES;
				SDKROOT = iphoneos;
				SWIFT_OPTIMIZATION_LEVEL = "-Onone";
			};
			name = Debug;
		};
		F2031A421C8808E700B82718 /* Release */ = {
			isa = XCBuildConfiguration;
			buildSettings = {
				ALWAYS_SEARCH_USER_PATHS = NO;
				CLANG_CXX_LANGUAGE_STANDARD = "gnu++0x";
				CLANG_CXX_LIBRARY = "libc++";
				CLANG_ENABLE_MODULES = YES;
				CLANG_ENABLE_OBJC_ARC = YES;
				CLANG_WARN_BOOL_CONVERSION = YES;
				CLANG_WARN_CONSTANT_CONVERSION = YES;
				CLANG_WARN_DIRECT_OBJC_ISA_USAGE = YES_ERROR;
				CLANG_WARN_EMPTY_BODY = YES;
				CLANG_WARN_ENUM_CONVERSION = YES;
				CLANG_WARN_INT_CONVERSION = YES;
				CLANG_WARN_OBJC_ROOT_CLASS = YES_ERROR;
				CLANG_WARN_UNREACHABLE_CODE = YES;
				CLANG_WARN__DUPLICATE_METHOD_MATCH = YES;
				"CODE_SIGN_IDENTITY[sdk=iphoneos*]" = "iPhone Developer";
				COPY_PHASE_STRIP = NO;
				DEBUG_INFORMATION_FORMAT = "dwarf-with-dsym";
				ENABLE_NS_ASSERTIONS = NO;
				ENABLE_STRICT_OBJC_MSGSEND = YES;
				GCC_C_LANGUAGE_STANDARD = gnu99;
				GCC_NO_COMMON_BLOCKS = YES;
				GCC_WARN_64_TO_32_BIT_CONVERSION = YES;
				GCC_WARN_ABOUT_RETURN_TYPE = YES_ERROR;
				GCC_WARN_UNDECLARED_SELECTOR = YES;
				GCC_WARN_UNINITIALIZED_AUTOS = YES_AGGRESSIVE;
				GCC_WARN_UNUSED_FUNCTION = YES;
				GCC_WARN_UNUSED_VARIABLE = YES;
				IPHONEOS_DEPLOYMENT_TARGET = 9.2;
				MTL_ENABLE_DEBUG_INFO = NO;
				SDKROOT = iphoneos;
				VALIDATE_PRODUCT = YES;
			};
			name = Release;
		};
		F2031A441C8808E700B82718 /* Debug */ = {
			isa = XCBuildConfiguration;
			buildSettings = {
				ASSETCATALOG_COMPILER_APPICON_NAME = AppIcon;
				INFOPLIST_FILE = Calculater/Info.plist;
				LD_RUNPATH_SEARCH_PATHS = "$(inherited) @executable_path/Frameworks";
				PRODUCT_BUNDLE_IDENTIFIER = com.wangkang0801.Calculater;
				PRODUCT_NAME = "$(TARGET_NAME)";
			};
			name = Debug;
		};
		F2031A451C8808E700B82718 /* Release */ = {
			isa = XCBuildConfiguration;
			buildSettings = {
				ASSETCATALOG_COMPILER_APPICON_NAME = AppIcon;
				INFOPLIST_FILE = Calculater/Info.plist;
				LD_RUNPATH_SEARCH_PATHS = "$(inherited) @executable_path/Frameworks";
				PRODUCT_BUNDLE_IDENTIFIER = com.wangkang0801.Calculater;
				PRODUCT_NAME = "$(TARGET_NAME)";
			};
			name = Release;
		};
/* End XCBuildConfiguration section */

/* Begin XCConfigurationList section */
		F2031A2C1C8808E700B82718 /* Build configuration list for PBXProject "Calculater" */ = {
			isa = XCConfigurationList;
			buildConfigurations = (
				F2031A411C8808E700B82718 /* Debug */,
				F2031A421C8808E700B82718 /* Release */,
			);
			defaultConfigurationIsVisible = 0;
			defaultConfigurationName = Release;
		};
		F2031A431C8808E700B82718 /* Build configuration list for PBXNativeTarget "Calculater" */ = {
			isa = XCConfigurationList;
			buildConfigurations = (
				F2031A441C8808E700B82718 /* Debug */,
				F2031A451C8808E700B82718 /* Release */,
			);
			defaultConfigurationIsVisible = 0;
			defaultConfigurationName = Release;
		};
/* End XCConfigurationList section */
	};
	rootObject = F2031A291C8808E700B82718 /* Project object */;
}
